
Microsoft Visual Studio Solution File, Format Version 12.00
# Visual Studio 15
VisualStudioVersion = 15.0.28010.2046
MinimumVisualStudioVersion = 10.0.40219.1
Project("{9A19103F-16F7-4668-BE54-9A1E7A4F7556}") = "Freshly", "Freshly\Freshly.csproj", "{31620604-40E9-4BDE-B07D-BCB712C7C206}"
EndProject
Global
	GlobalSection(SolutionConfigurationPlatforms) = preSolution
		Debug|Any CPU = Debug|Any CPU
		Release|Any CPU = Release|Any CPU
	EndGlobalSection
	GlobalSection(ProjectConfigurationPlatforms) = postSolution
		{31620604-40E9-4BDE-B07D-BCB712C7C206}.Debug|Any CPU.ActiveCfg = Debug|Any CPU
		{31620604-40E9-4BDE-B07D-BCB712C7C206}.Debug|Any CPU.Build.0 = Debug|Any CPU
		{31620604-40E9-4BDE-B07D-BCB712C7C206}.Release|Any CPU.ActiveCfg = Release|Any CPU
		{31620604-40E9-4BDE-B07D-BCB712C7C206}.Release|Any CPU.Build.0 = Release|Any CPU
	EndGlobalSection
	GlobalSection(SolutionProperties) = preSolution
		HideSolutionNode = FALSE
	EndGlobalSection
	GlobalSection(ExtensibilityGlobals) = postSolution
		SolutionGuid = {B4C52C15-A42B-4467-8AD2-F24E63829AA9}
	EndGlobalSection
EndGlobal
